<Solution>
  <Project Path="Sofia.VS01.csproj" />
  <Project Path="Assembly-CSharp.csproj" />
  <Project Path="Sofia.VS01.Tests.csproj" />
  <Project Path="Sofia.Tests.csproj" />
  <Project Path="Assembly-CSharp-Editor.csproj" />
  <Project Path="Sofia.VS01.Editor.csproj" />
  <Project Path="Sofia.EditModeTests.csproj" />
</Solution>
